
Microsoft Visual Studio Solution File, Format Version 12.00
# Visual Studio Version 16
VisualStudioVersion = 16.0.28803.202
MinimumVisualStudioVersion = 10.0.40219.1
Project("{FAE04EC0-301F-11D3-BF4B-00C04F79EFBC}") = "ThreeTierApp", "ThreeTierApp\ThreeTierApp.csproj", "{327AC839-697E-49FE-AD17-3017B72A1EC5}"
EndProject
Project("{FAE04EC0-301F-11D3-BF4B-00C04F79EFBC}") = "BussinessObject", "BussinessObject\BussinessObject.csproj", "{A113ADFD-4D28-4C7F-98E4-3A53A9A826F6}"
EndProject
Project("{FAE04EC0-301F-11D3-BF4B-00C04F79EFBC}") = "Bussinesslogic", "Bussinesslogic\Bussinesslogic.csproj", "{2CB27247-922A-4627-8DA7-244216036A48}"
EndProject
Project("{FAE04EC0-301F-11D3-BF4B-00C04F79EFBC}") = "DataAccess", "DataAccess\DataAccess.csproj", "{6D9022C2-7634-471C-A4A9-C2B8DFC91B4B}"
EndProject
Global
	GlobalSection(SolutionConfigurationPlatforms) = preSolution
		Debug|Any CPU = Debug|Any CPU
		Release|Any CPU = Release|Any CPU
	EndGlobalSection
	GlobalSection(ProjectConfigurationPlatforms) = postSolution
		{327AC839-697E-49FE-AD17-3017B72A1EC5}.Debug|Any CPU.ActiveCfg = Debug|Any CPU
		{327AC839-697E-49FE-AD17-3017B72A1EC5}.Debug|Any CPU.Build.0 = Debug|Any CPU
		{327AC839-697E-49FE-AD17-3017B72A1EC5}.Release|Any CPU.ActiveCfg = Release|Any CPU
		{327AC839-697E-49FE-AD17-3017B72A1EC5}.Release|Any CPU.Build.0 = Release|Any CPU
		{A113ADFD-4D28-4C7F-98E4-3A53A9A826F6}.Debug|Any CPU.ActiveCfg = Debug|Any CPU
		{A113ADFD-4D28-4C7F-98E4-3A53A9A826F6}.Debug|Any CPU.Build.0 = Debug|Any CPU
		{A113ADFD-4D28-4C7F-98E4-3A53A9A826F6}.Release|Any CPU.ActiveCfg = Release|Any CPU
		{A113ADFD-4D28-4C7F-98E4-3A53A9A826F6}.Release|Any CPU.Build.0 = Release|Any CPU
		{2CB27247-922A-4627-8DA7-244216036A48}.Debug|Any CPU.ActiveCfg = Debug|Any CPU
		{2CB27247-922A-4627-8DA7-244216036A48}.Debug|Any CPU.Build.0 = Debug|Any CPU
		{2CB27247-922A-4627-8DA7-244216036A48}.Release|Any CPU.ActiveCfg = Release|Any CPU
		{2CB27247-922A-4627-8DA7-244216036A48}.Release|Any CPU.Build.0 = Release|Any CPU
		{6D9022C2-7634-471C-A4A9-C2B8DFC91B4B}.Debug|Any CPU.ActiveCfg = Debug|Any CPU
		{6D9022C2-7634-471C-A4A9-C2B8DFC91B4B}.Debug|Any CPU.Build.0 = Debug|Any CPU
		{6D9022C2-7634-471C-A4A9-C2B8DFC91B4B}.Release|Any CPU.ActiveCfg = Release|Any CPU
		{6D9022C2-7634-471C-A4A9-C2B8DFC91B4B}.Release|Any CPU.Build.0 = Release|Any CPU
	EndGlobalSection
	GlobalSection(SolutionProperties) = preSolution
		HideSolutionNode = FALSE
	EndGlobalSection
	GlobalSection(ExtensibilityGlobals) = postSolution
		SolutionGuid = {6E4765AB-9EFE-43E1-9E34-555483F10842}
	EndGlobalSection
EndGlobal
